// !$*UTF8*$!
{
	archiveVersion = 1;
	classes = {
	};
	objectVersion = 50;
	objects = {

/* Begin PBXBuildFile section */
		81673D94247214AD002B62CB /* AppDelegate.swift in Sources */ = {isa = PBXBuildFile; fileRef = 81673D93247214AD002B62CB /* AppDelegate.swift */; };
		81673D96247214AD002B62CB /* SceneDelegate.swift in Sources */ = {isa = PBXBuildFile; fileRef = 81673D95247214AD002B62CB /* SceneDelegate.swift */; };
		81673D98247214AD002B62CB /* ContentView.swift in Sources */ = {isa = PBXBuildFile; fileRef = 81673D97247214AD002B62CB /* ContentView.swift */; };
		81673D9A247214B3002B62CB /* Assets.xcassets in Resources */ = {isa = PBXBuildFile; fileRef = 81673D99247214B3002B62CB /* Assets.xcassets */; };
		81673D9D247214B3002B62CB /* Preview Assets.xcassets in Resources */ = {isa = PBXBuildFile; fileRef = 81673D9C247214B3002B62CB /* Preview Assets.xcassets */; };
		81673DA0247214B3002B62CB /* LaunchScreen.storyboard in Resources */ = {isa = PBXBuildFile; fileRef = 81673D9E247214B3002B62CB /* LaunchScreen.storyboard */; };
		81F2810724721780002A7E80 /* Collection.swift in Sources */ = {isa = PBXBuildFile; fileRef = 81F2810624721780002A7E80 /* Collection.swift */; };
/* End PBXBuildFile section */

/* Begin PBXFileReference section */
		81673D90247214AD002B62CB /* ReusableCollectionView.app */ = {isa = PBXFileReference; explicitFileType = wrapper.application; includeInIndex = 0; path = ReusableCollectionView.app; sourceTree = BUILT_PRODUCTS_DIR; };
		81673D93247214AD002B62CB /* AppDelegate.swift */ = {isa = PBXFileReference; lastKnownFileType = sourcecode.swift; path = AppDelegate.swift; sourceTree = "<group>"; };
		81673D95247214AD002B62CB /* SceneDelegate.swift */ = {isa = PBXFileReference; lastKnownFileType = sourcecode.swift; path = SceneDelegate.swift; sourceTree = "<group>"; };
		81673D97247214AD002B62CB /* ContentView.swift */ = {isa = PBXFileReference; lastKnownFileType = sourcecode.swift; path = ContentView.swift; sourceTree = "<group>"; };
		81673D99247214B3002B62CB /* Assets.xcassets */ = {isa = PBXFileReference; lastKnownFileType = folder.assetcatalog; path = Assets.xcassets; sourceTree = "<group>"; };
		81673D9C247214B3002B62CB /* Preview Assets.xcassets */ = {isa = PBXFileReference; lastKnownFileType = folder.assetcatalog; path = "Preview Assets.xcassets"; sourceTree = "<group>"; };
		81673D9F247214B3002B62CB /* Base */ = {isa = PBXFileReference; lastKnownFileType = file.storyboard; name = Base; path = Base.lproj/LaunchScreen.storyboard; sourceTree = "<group>"; };
		81673DA1247214B3002B62CB /* Info.plist */ = {isa = PBXFileReference; lastKnownFileType = text.plist.xml; path = Info.plist; sourceTree = "<group>"; };
		81F2810624721780002A7E80 /* Collection.swift */ = {isa = PBXFileReference; lastKnownFileType = sourcecode.swift; path = Collection.swift; sourceTree = "<group>"; };
/* End PBXFileReference section */

/* Begin PBXFrameworksBuildPhase section */
		81673D8D247214AD002B62CB /* Frameworks */ = {
			isa = PBXFrameworksBuildPhase;
			buildActionMask = 2147483647;
			files = (
			);
			runOnlyForDeploymentPostprocessing = 0;
		};
/* End PBXFrameworksBuildPhase section */

/* Begin PBXGroup section */
		81673D87247214AD002B62CB = {
			isa = PBXGroup;
			children = (
				81673D92247214AD002B62CB /* ReusableCollectionView */,
				81673D91247214AD002B62CB /* Products */,
			);
			sourceTree = "<group>";
		};
		81673D91247214AD002B62CB /* Products */ = {
			isa = PBXGroup;
			children = (
				81673D90247214AD002B62CB /* ReusableCollectionView.app */,
			);
			name = Products;
			sourceTree = "<group>";
		};
		81673D92247214AD002B62CB /* ReusableCollectionView */ = {
			isa = PBXGroup;
			children = (
				81673D93247214AD002B62CB /* AppDelegate.swift */,
				81673D95247214AD002B62CB /* SceneDelegate.swift */,
				81673D97247214AD002B62CB /* ContentView.swift */,
				81673D99247214B3002B62CB /* Assets.xcassets */,
				81673D9E247214B3002B62CB /* LaunchScreen.storyboard */,
				81673DA1247214B3002B62CB /* Info.plist */,
				81673D9B247214B3002B62CB /* Preview Content */,
				81F2810624721780002A7E80 /* Collection.swift */,
			);
			path = ReusableCollectionView;
			sourceTree = "<group>";
		};
		81673D9B247214B3002B62CB /* Preview Content */ = {
			isa = PBXGroup;
			children = (
				81673D9C247214B3002B62CB /* Preview Assets.xcassets */,
			);
			path = "Preview Content";
			sourceTree = "<group>";
		};
/* End PBXGroup section */

/* Begin PBXNativeTarget section */
		81673D8F247214AD002B62CB /* ReusableCollectionView */ = {
			isa = PBXNativeTarget;
			buildConfigurationList = 81673DA4247214B3002B62CB /* Build configuration list for PBXNativeTarget "ReusableCollectionView" */;
			buildPhases = (
				81673D8C247214AD002B62CB /* Sources */,
				81673D8D247214AD002B62CB /* Frameworks */,
				81673D8E247214AD002B62CB /* Resources */,
			);
			buildRules = (
			);
			dependencies = (
			);
			name = ReusableCollectionView;
			productName = ReusableCollectionView;
			productReference = 81673D90247214AD002B62CB /* ReusableCollectionView.app */;
			productType = "com.apple.product-type.application";
		};
/* End PBXNativeTarget section */

/* Begin PBXProject section */
		81673D88247214AD002B62CB /* Project object */ = {
			isa = PBXProject;
			attributes = {
				LastSwiftUpdateCheck = 1140;
				LastUpgradeCheck = 1140;
				ORGANIZATIONNAME = "Adriano Ramos";
				TargetAttributes = {
					81673D8F247214AD002B62CB = {
						CreatedOnToolsVersion = 11.4.1;
					};
				};
			};
			buildConfigurationList = 81673D8B247214AD002B62CB /* Build configuration list for PBXProject "ReusableCollectionView" */;
			compatibilityVersion = "Xcode 9.3";
			developmentRegion = en;
			hasScannedForEncodings = 0;
			knownRegions = (
				en,
				Base,
			);
			mainGroup = 81673D87247214AD002B62CB;
			productRefGroup = 81673D91247214AD002B62CB /* Products */;
			projectDirPath = "";
			projectRoot = "";
			targets = (
				81673D8F247214AD002B62CB /* ReusableCollectionView */,
			);
		};
/* End PBXProject section */

/* Begin PBXResourcesBuildPhase section */
		81673D8E247214AD002B62CB /* Resources */ = {
			isa = PBXResourcesBuildPhase;
			buildActionMask = 2147483647;
			files = (
				81673DA0247214B3002B62CB /* LaunchScreen.storyboard in Resources */,
				81673D9D247214B3002B62CB /* Preview Assets.xcassets in Resources */,
				81673D9A247214B3002B62CB /* Assets.xcassets in Resources */,
			);
			runOnlyForDeploymentPostprocessing = 0;
		};
/* End PBXResourcesBuildPhase section */

/* Begin PBXSourcesBuildPhase section */
		81673D8C247214AD002B62CB /* Sources */ = {
			isa = PBXSourcesBuildPhase;
			buildActionMask = 2147483647;
			files = (
				81673D94247214AD002B62CB /* AppDelegate.swift in Sources */,
				81673D96247214AD002B62CB /* SceneDelegate.swift in Sources */,
				81673D98247214AD002B62CB /* ContentView.swift in Sources */,
				81F2810724721780002A7E80 /* Collection.swift in Sources */,
			);
			runOnlyForDeploymentPostprocessing = 0;
		};
/* End PBXSourcesBuildPhase section */

/* Begin PBXVariantGroup section */
		81673D9E247214B3002B62CB /* LaunchScreen.storyboard */ = {
			isa = PBXVariantGroup;
			children = (
				81673D9F247214B3002B62CB /* Base */,
			);
			name = LaunchScreen.storyboard;
			sourceTree = "<group>";
		};
/* End PBXVariantGroup section */

/* Begin XCBuildConfiguration section */
		81673DA2247214B3002B62CB /* Debug */ = {
			isa = XCBuildConfiguration;
			buildSettings = {
				ALWAYS_SEARCH_USER_PATHS = NO;
				CLANG_ANALYZER_NONNULL = YES;
				CLANG_ANALYZER_NUMBER_OBJECT_CONVERSION = YES_AGGRESSIVE;
				CLANG_CXX_LANGUAGE_STANDARD = "gnu++14";
				CLANG_CXX_LIBRARY = "libc++";
				CLANG_ENABLE_MODULES = YES;
				CLANG_ENABLE_OBJC_ARC = YES;
				CLANG_ENABLE_OBJC_WEAK = YES;
				CLANG_WARN_BLOCK_CAPTURE_AUTORELEASING = YES;
				CLANG_WARN_BOOL_CONVERSION = YES;
				CLANG_WARN_COMMA = YES;
				CLANG_WARN_CONSTANT_CONVERSION = YES;
				CLANG_WARN_DEPRECATED_OBJC_IMPLEMENTATIONS = YES;
				CLANG_WARN_DIRECT_OBJC_ISA_USAGE = YES_ERROR;
				CLANG_WARN_DOCUMENTATION_COMMENTS = YES;
				CLANG_WARN_EMPTY_BODY = YES;
				CLANG_WARN_ENUM_CONVERSION = YES;
				CLANG_WARN_INFINITE_RECURSION = YES;
				CLANG_WARN_INT_CONVERSION = YES;
				CLANG_WARN_NON_LITERAL_NULL_CONVERSION = YES;
				CLANG_WARN_OBJC_IMPLICIT_RETAIN_SELF = YES;
				CLANG_WARN_OBJC_LITERAL_CONVERSION = YES;
				CLANG_WARN_OBJC_ROOT_CLASS = YES_ERROR;
				CLANG_WARN_RANGE_LOOP_ANALYSIS = YES;
				CLANG_WARN_STRICT_PROTOTYPES = YES;
				CLANG_WARN_SUSPICIOUS_MOVE = YES;
				CLANG_WARN_UNGUARDED_AVAILABILITY = YES_AGGRESSIVE;
				CLANG_WARN_UNREACHABLE_CODE = YES;
				CLANG_WARN__DUPLICATE_METHOD_MATCH = YES;
				COPY_PHASE_STRIP = NO;
				DEBUG_INFORMATION_FORMAT = dwarf;
				ENABLE_STRICT_OBJC_MSGSEND = YES;
				ENABLE_TESTABILITY = YES;
				GCC_C_LANGUAGE_STANDARD = gnu11;
				GCC_DYNAMIC_NO_PIC = NO;
				GCC_NO_COMMON_BLOCKS = YES;
				GCC_OPTIMIZATION_LEVEL = 0;
				GCC_PREPROCESSOR_DEFINITIONS = (
					"DEBUG=1",
					"$(inherited)",
				);
				GCC_WARN_64_TO_32_BIT_CONVERSION = YES;
				GCC_WARN_ABOUT_RETURN_TYPE = YES_ERROR;
				GCC_WARN_UNDECLARED_SELECTOR = YES;
				GCC_WARN_UNINITIALIZED_AUTOS = YES_AGGRESSIVE;
				GCC_WARN_UNUSED_FUNCTION = YES;
				GCC_WARN_UNUSED_VARIABLE = YES;
				IPHONEOS_DEPLOYMENT_TARGET = 13.4;
				MTL_ENABLE_DEBUG_INFO = INCLUDE_SOURCE;
				MTL_FAST_MATH = YES;
				ONLY_ACTIVE_ARCH = YES;
				SDKROOT = iphoneos;
				SWIFT_ACTIVE_COMPILATION_CONDITIONS = DEBUG;
				SWIFT_OPTIMIZATION_LEVEL = "-Onone";
			};
			name = Debug;
		};
		81673DA3247214B3002B62CB /* Release */ = {
			isa = XCBuildConfiguration;
			buildSettings = {
				ALWAYS_SEARCH_USER_PATHS = NO;
				CLANG_ANALYZER_NONNULL = YES;
				CLANG_ANALYZER_NUMBER_OBJECT_CONVERSION = YES_AGGRESSIVE;
				CLANG_CXX_LANGUAGE_STANDARD = "gnu++14";
				CLANG_CXX_LIBRARY = "libc++";
				CLANG_ENABLE_MODULES = YES;
				CLANG_ENABLE_OBJC_ARC = YES;
				CLANG_ENABLE_OBJC_WEAK = YES;
				CLANG_WARN_BLOCK_CAPTURE_AUTORELEASING = YES;
				CLANG_WARN_BOOL_CONVERSION = YES;
				CLANG_WARN_COMMA = YES;
				CLANG_WARN_CONSTANT_CONVERSION = YES;
				CLANG_WARN_DEPRECATED_OBJC_IMPLEMENTATIONS = YES;
				CLANG_WARN_DIRECT_OBJC_ISA_USAGE = YES_ERROR;
				CLANG_WARN_DOCUMENTATION_COMMENTS = YES;
				CLANG_WARN_EMPTY_BODY = YES;
				CLANG_WARN_ENUM_CONVERSION = YES;
				CLANG_WARN_INFINITE_RECURSION = YES;
				CLANG_WARN_INT_CONVERSION = YES;
				CLANG_WARN_NON_LITERAL_NULL_CONVERSION = YES;
				CLANG_WARN_OBJC_IMPLICIT_RETAIN_SELF = YES;
				CLANG_WARN_OBJC_LITERAL_CONVERSION = YES;
				CLANG_WARN_OBJC_ROOT_CLASS = YES_ERROR;
				CLANG_WARN_RANGE_LOOP_ANALYSIS = YES;
				CLANG_WARN_STRICT_PROTOTYPES = YES;
				CLANG_WARN_SUSPICIOUS_MOVE = YES;
				CLANG_WARN_UNGUARDED_AVAILABILITY = YES_AGGRESSIVE;
				CLANG_WARN_UNREACHABLE_CODE = YES;
				CLANG_WARN__DUPLICATE_METHOD_MATCH = YES;
				COPY_PHASE_STRIP = NO;
				DEBUG_INFORMATION_FORMAT = "dwarf-with-dsym";
				ENABLE_NS_ASSERTIONS = NO;
				ENABLE_STRICT_OBJC_MSGSEND = YES;
				GCC_C_LANGUAGE_STANDARD = gnu11;
				GCC_NO_COMMON_BLOCKS = YES;
				GCC_WARN_64_TO_32_BIT_CONVERSION = YES;
				GCC_WARN_ABOUT_RETURN_TYPE = YES_ERROR;
				GCC_WARN_UNDECLARED_SELECTOR = YES;
				GCC_WARN_UNINITIALIZED_AUTOS = YES_AGGRESSIVE;
				GCC_WARN_UNUSED_FUNCTION = YES;
				GCC_WARN_UNUSED_VARIABLE = YES;
				IPHONEOS_DEPLOYMENT_TARGET = 13.4;
				MTL_ENABLE_DEBUG_INFO = NO;
				MTL_FAST_MATH = YES;
				SDKROOT = iphoneos;
				SWIFT_COMPILATION_MODE = wholemodule;
				SWIFT_OPTIMIZATION_LEVEL = "-O";
				VALIDATE_PRODUCT = YES;
			};
			name = Release;
		};
		81673DA5247214B3002B62CB /* Debug */ = {
			isa = XCBuildConfiguration;
			buildSettings = {
				ASSETCATALOG_COMPILER_APPICON_NAME = AppIcon;
				CODE_SIGN_STYLE = Automatic;
				DEVELOPMENT_ASSET_PATHS = "\"ReusableCollectionView/Preview Content\"";
				DEVELOPMENT_TEAM = CH49HA965Z;
				ENABLE_PREVIEWS = YES;
				INFOPLIST_FILE = ReusableCollectionView/Info.plist;
				LD_RUNPATH_SEARCH_PATHS = (
					"$(inherited)",
					"@executable_path/Frameworks",
				);
				PRODUCT_BUNDLE_IDENTIFIER = com.developer.adrianoramos.ReusableCollectionView;
				PRODUCT_NAME = "$(TARGET_NAME)";
				SWIFT_VERSION = 5.0;
				TARGETED_DEVICE_FAMILY = "1,2";
			};
			name = Debug;
		};
		81673DA6247214B3002B62CB /* Release */ = {
			isa = XCBuildConfiguration;
			buildSettings = {
				ASSETCATALOG_COMPILER_APPICON_NAME = AppIcon;
				CODE_SIGN_STYLE = Automatic;
				DEVELOPMENT_ASSET_PATHS = "\"ReusableCollectionView/Preview Content\"";
				DEVELOPMENT_TEAM = CH49HA965Z;
				ENABLE_PREVIEWS = YES;
				INFOPLIST_FILE = ReusableCollectionView/Info.plist;
				LD_RUNPATH_SEARCH_PATHS = (
					"$(inherited)",
					"@executable_path/Frameworks",
				);
				PRODUCT_BUNDLE_IDENTIFIER = com.developer.adrianoramos.ReusableCollectionView;
				PRODUCT_NAME = "$(TARGET_NAME)";
				SWIFT_VERSION = 5.0;
				TARGETED_DEVICE_FAMILY = "1,2";
			};
			name = Release;
		};
/* End XCBuildConfiguration section */

/* Begin XCConfigurationList section */
		81673D8B247214AD002B62CB /* Build configuration list for PBXProject "ReusableCollectionView" */ = {
			isa = XCConfigurationList;
			buildConfigurations = (
				81673DA2247214B3002B62CB /* Debug */,
				81673DA3247214B3002B62CB /* Release */,
			);
			defaultConfigurationIsVisible = 0;
			defaultConfigurationName = Release;
		};
		81673DA4247214B3002B62CB /* Build configuration list for PBXNativeTarget "ReusableCollectionView" */ = {
			isa = XCConfigurationList;
			buildConfigurations = (
				81673DA5247214B3002B62CB /* Debug */,
				81673DA6247214B3002B62CB /* Release */,
			);
			defaultConfigurationIsVisible = 0;
			defaultConfigurationName = Release;
		};
/* End XCConfigurationList section */
	};
	rootObject = 81673D88247214AD002B62CB /* Project object */;
}
